
Microsoft Visual Studio Solution File, Format Version 12.00
# Visual Studio Version 17
VisualStudioVersion = 17.0.31903.59
MinimumVisualStudioVersion = 10.0.40219.1
Project("{2150E333-8FDC-42A3-9474-1A3956D46DE8}") = "src", "src", "{BA11C821-EFDE-4714-A0DE-B7D4D93CE336}"
EndProject
Project("{2150E333-8FDC-42A3-9474-1A3956D46DE8}") = "tests", "tests", "{10E2E10B-AB65-4800-93ED-CDB737917154}"
EndProject
Project("{FAE04EC0-301F-11D3-BF4B-00C04F79EFBC}") = "Atypical.VirtualFileSystem.Core", "src\Atypical.VirtualFileSystem.Core\Atypical.VirtualFileSystem.Core.csproj", "{87387B16-144D-4163-B559-5847ED0D1E3B}"
EndProject
Project("{FAE04EC0-301F-11D3-BF4B-00C04F79EFBC}") = "Atypical.VirtualFileSystem.UnitTests", "tests\Atypical.VirtualFileSystem.UnitTests\Atypical.VirtualFileSystem.UnitTests.csproj", "{DD02DF87-F94E-4218-8D65-4DB03760926E}"
EndProject
Project("{2150E333-8FDC-42A3-9474-1A3956D46DE8}") = "demo", "demo", "{EB224BFD-23D3-41CE-AA5E-FE2D69D78B76}"
EndProject
Project("{FAE04EC0-301F-11D3-BF4B-00C04F79EFBC}") = "Atypical.VirtualFileSystem.DemoCli", "src\Atypical.VirtualFileSystem.DemoCli\Atypical.VirtualFileSystem.DemoCli.csproj", "{40DD51CE-1F1B-466E-9177-05C9401FF81B}"
EndProject
Project("{FAE04EC0-301F-11D3-BF4B-00C04F79EFBC}") = "Atypical.VirtualFileSystem.DemoBlazorApp", "src\Atypical.VirtualFileSystem.DemoBlazorApp\Atypical.VirtualFileSystem.DemoBlazorApp.csproj", "{0B033820-BA0C-4927-8546-96AFE74B2612}"
EndProject
Project("{FAE04EC0-301F-11D3-BF4B-00C04F79EFBC}") = "Atypical.VirtualFileSystem.Benchmarks", "tests\Atypical.VirtualFileSystem.Benchmarks\Atypical.VirtualFileSystem.Benchmarks.csproj", "{A1B2C3D4-E5F6-7890-1234-567890ABCDEF}"
EndProject
Project("{FAE04EC0-301F-11D3-BF4B-00C04F79EFBC}") = "Atypical.VirtualFileSystem.GitHub", "src\Atypical.VirtualFileSystem.GitHub\Atypical.VirtualFileSystem.GitHub.csproj", "{0F803EA9-AD74-46E3-9404-5D536E0F262C}"
EndProject
Project("{FAE04EC0-301F-11D3-BF4B-00C04F79EFBC}") = "Atypical.VirtualFileSystem.GitHub.Tests", "tests\Atypical.VirtualFileSystem.GitHub.Tests\Atypical.VirtualFileSystem.GitHub.Tests.csproj", "{31971414-5519-4149-B5C0-C88454EBE7AD}"
EndProject
Global
	GlobalSection(SolutionConfigurationPlatforms) = preSolution
		Debug|Any CPU = Debug|Any CPU
		Debug|x64 = Debug|x64
		Debug|x86 = Debug|x86
		Release|Any CPU = Release|Any CPU
		Release|x64 = Release|x64
		Release|x86 = Release|x86
	EndGlobalSection
	GlobalSection(ProjectConfigurationPlatforms) = postSolution
		{87387B16-144D-4163-B559-5847ED0D1E3B}.Debug|Any CPU.ActiveCfg = Debug|Any CPU
		{87387B16-144D-4163-B559-5847ED0D1E3B}.Debug|Any CPU.Build.0 = Debug|Any CPU
		{87387B16-144D-4163-B559-5847ED0D1E3B}.Debug|x64.ActiveCfg = Debug|Any CPU
		{87387B16-144D-4163-B559-5847ED0D1E3B}.Debug|x64.Build.0 = Debug|Any CPU
		{87387B16-144D-4163-B559-5847ED0D1E3B}.Debug|x86.ActiveCfg = Debug|Any CPU
		{87387B16-144D-4163-B559-5847ED0D1E3B}.Debug|x86.Build.0 = Debug|Any CPU
		{87387B16-144D-4163-B559-5847ED0D1E3B}.Release|Any CPU.ActiveCfg = Release|Any CPU
		{87387B16-144D-4163-B559-5847ED0D1E3B}.Release|Any CPU.Build.0 = Release|Any CPU
		{87387B16-144D-4163-B559-5847ED0D1E3B}.Release|x64.ActiveCfg = Release|Any CPU
		{87387B16-144D-4163-B559-5847ED0D1E3B}.Release|x64.Build.0 = Release|Any CPU
		{87387B16-144D-4163-B559-5847ED0D1E3B}.Release|x86.ActiveCfg = Release|Any CPU
		{87387B16-144D-4163-B559-5847ED0D1E3B}.Release|x86.Build.0 = Release|Any CPU
		{DD02DF87-F94E-4218-8D65-4DB03760926E}.Debug|Any CPU.ActiveCfg = Debug|Any CPU
		{DD02DF87-F94E-4218-8D65-4DB03760926E}.Debug|Any CPU.Build.0 = Debug|Any CPU
		{DD02DF87-F94E-4218-8D65-4DB03760926E}.Debug|x64.ActiveCfg = Debug|Any CPU
		{DD02DF87-F94E-4218-8D65-4DB03760926E}.Debug|x64.Build.0 = Debug|Any CPU
		{DD02DF87-F94E-4218-8D65-4DB03760926E}.Debug|x86.ActiveCfg = Debug|Any CPU
		{DD02DF87-F94E-4218-8D65-4DB03760926E}.Debug|x86.Build.0 = Debug|Any CPU
		{DD02DF87-F94E-4218-8D65-4DB03760926E}.Release|Any CPU.ActiveCfg = Release|Any CPU
		{DD02DF87-F94E-4218-8D65-4DB03760926E}.Release|Any CPU.Build.0 = Release|Any CPU
		{DD02DF87-F94E-4218-8D65-4DB03760926E}.Release|x64.ActiveCfg = Release|Any CPU
		{DD02DF87-F94E-4218-8D65-4DB03760926E}.Release|x64.Build.0 = Release|Any CPU
		{DD02DF87-F94E-4218-8D65-4DB03760926E}.Release|x86.ActiveCfg = Release|Any CPU
		{DD02DF87-F94E-4218-8D65-4DB03760926E}.Release|x86.Build.0 = Release|Any CPU
		{40DD51CE-1F1B-466E-9177-05C9401FF81B}.Debug|Any CPU.ActiveCfg = Debug|Any CPU
		{40DD51CE-1F1B-466E-9177-05C9401FF81B}.Debug|Any CPU.Build.0 = Debug|Any CPU
		{40DD51CE-1F1B-466E-9177-05C9401FF81B}.Debug|x64.ActiveCfg = Debug|Any CPU
		{40DD51CE-1F1B-466E-9177-05C9401FF81B}.Debug|x64.Build.0 = Debug|Any CPU
		{40DD51CE-1F1B-466E-9177-05C9401FF81B}.Debug|x86.ActiveCfg = Debug|Any CPU
		{40DD51CE-1F1B-466E-9177-05C9401FF81B}.Debug|x86.Build.0 = Debug|Any CPU
		{40DD51CE-1F1B-466E-9177-05C9401FF81B}.Release|Any CPU.ActiveCfg = Release|Any CPU
		{40DD51CE-1F1B-466E-9177-05C9401FF81B}.Release|Any CPU.Build.0 = Release|Any CPU
		{40DD51CE-1F1B-466E-9177-05C9401FF81B}.Release|x64.ActiveCfg = Release|Any CPU
		{40DD51CE-1F1B-466E-9177-05C9401FF81B}.Release|x64.Build.0 = Release|Any CPU
		{40DD51CE-1F1B-466E-9177-05C9401FF81B}.Release|x86.ActiveCfg = Release|Any CPU
		{40DD51CE-1F1B-466E-9177-05C9401FF81B}.Release|x86.Build.0 = Release|Any CPU
		{0B033820-BA0C-4927-8546-96AFE74B2612}.Debug|Any CPU.ActiveCfg = Debug|Any CPU
		{0B033820-BA0C-4927-8546-96AFE74B2612}.Debug|Any CPU.Build.0 = Debug|Any CPU
		{0B033820-BA0C-4927-8546-96AFE74B2612}.Debug|x64.ActiveCfg = Debug|Any CPU
		{0B033820-BA0C-4927-8546-96AFE74B2612}.Debug|x64.Build.0 = Debug|Any CPU
		{0B033820-BA0C-4927-8546-96AFE74B2612}.Debug|x86.ActiveCfg = Debug|Any CPU
		{0B033820-BA0C-4927-8546-96AFE74B2612}.Debug|x86.Build.0 = Debug|Any CPU
		{0B033820-BA0C-4927-8546-96AFE74B2612}.Release|Any CPU.ActiveCfg = Release|Any CPU
		{0B033820-BA0C-4927-8546-96AFE74B2612}.Release|Any CPU.Build.0 = Release|Any CPU
		{0B033820-BA0C-4927-8546-96AFE74B2612}.Release|x64.ActiveCfg = Release|Any CPU
		{0B033820-BA0C-4927-8546-96AFE74B2612}.Release|x64.Build.0 = Release|Any CPU
		{0B033820-BA0C-4927-8546-96AFE74B2612}.Release|x86.ActiveCfg = Release|Any CPU
		{0B033820-BA0C-4927-8546-96AFE74B2612}.Release|x86.Build.0 = Release|Any CPU
		{A1B2C3D4-E5F6-7890-1234-567890ABCDEF}.Debug|Any CPU.ActiveCfg = Debug|Any CPU
		{A1B2C3D4-E5F6-7890-1234-567890ABCDEF}.Debug|Any CPU.Build.0 = Debug|Any CPU
		{A1B2C3D4-E5F6-7890-1234-567890ABCDEF}.Debug|x64.ActiveCfg = Debug|Any CPU
		{A1B2C3D4-E5F6-7890-1234-567890ABCDEF}.Debug|x64.Build.0 = Debug|Any CPU
		{A1B2C3D4-E5F6-7890-1234-567890ABCDEF}.Debug|x86.ActiveCfg = Debug|Any CPU
		{A1B2C3D4-E5F6-7890-1234-567890ABCDEF}.Debug|x86.Build.0 = Debug|Any CPU
		{A1B2C3D4-E5F6-7890-1234-567890ABCDEF}.Release|Any CPU.ActiveCfg = Release|Any CPU
		{A1B2C3D4-E5F6-7890-1234-567890ABCDEF}.Release|Any CPU.Build.0 = Release|Any CPU
		{A1B2C3D4-E5F6-7890-1234-567890ABCDEF}.Release|x64.ActiveCfg = Release|Any CPU
		{A1B2C3D4-E5F6-7890-1234-567890ABCDEF}.Release|x64.Build.0 = Release|Any CPU
		{A1B2C3D4-E5F6-7890-1234-567890ABCDEF}.Release|x86.ActiveCfg = Release|Any CPU
		{A1B2C3D4-E5F6-7890-1234-567890ABCDEF}.Release|x86.Build.0 = Release|Any CPU
		{0F803EA9-AD74-46E3-9404-5D536E0F262C}.Debug|Any CPU.ActiveCfg = Debug|Any CPU
		{0F803EA9-AD74-46E3-9404-5D536E0F262C}.Debug|Any CPU.Build.0 = Debug|Any CPU
		{0F803EA9-AD74-46E3-9404-5D536E0F262C}.Debug|x64.ActiveCfg = Debug|Any CPU
		{0F803EA9-AD74-46E3-9404-5D536E0F262C}.Debug|x64.Build.0 = Debug|Any CPU
		{0F803EA9-AD74-46E3-9404-5D536E0F262C}.Debug|x86.ActiveCfg = Debug|Any CPU
		{0F803EA9-AD74-46E3-9404-5D536E0F262C}.Debug|x86.Build.0 = Debug|Any CPU
		{0F803EA9-AD74-46E3-9404-5D536E0F262C}.Release|Any CPU.ActiveCfg = Release|Any CPU
		{0F803EA9-AD74-46E3-9404-5D536E0F262C}.Release|Any CPU.Build.0 = Release|Any CPU
		{0F803EA9-AD74-46E3-9404-5D536E0F262C}.Release|x64.ActiveCfg = Release|Any CPU
		{0F803EA9-AD74-46E3-9404-5D536E0F262C}.Release|x64.Build.0 = Release|Any CPU
		{0F803EA9-AD74-46E3-9404-5D536E0F262C}.Release|x86.ActiveCfg = Release|Any CPU
		{0F803EA9-AD74-46E3-9404-5D536E0F262C}.Release|x86.Build.0 = Release|Any CPU
		{31971414-5519-4149-B5C0-C88454EBE7AD}.Debug|Any CPU.ActiveCfg = Debug|Any CPU
		{31971414-5519-4149-B5C0-C88454EBE7AD}.Debug|Any CPU.Build.0 = Debug|Any CPU
		{31971414-5519-4149-B5C0-C88454EBE7AD}.Debug|x64.ActiveCfg = Debug|Any CPU
		{31971414-5519-4149-B5C0-C88454EBE7AD}.Debug|x64.Build.0 = Debug|Any CPU
		{31971414-5519-4149-B5C0-C88454EBE7AD}.Debug|x86.ActiveCfg = Debug|Any CPU
		{31971414-5519-4149-B5C0-C88454EBE7AD}.Debug|x86.Build.0 = Debug|Any CPU
		{31971414-5519-4149-B5C0-C88454EBE7AD}.Release|Any CPU.ActiveCfg = Release|Any CPU
		{31971414-5519-4149-B5C0-C88454EBE7AD}.Release|Any CPU.Build.0 = Release|Any CPU
		{31971414-5519-4149-B5C0-C88454EBE7AD}.Release|x64.ActiveCfg = Release|Any CPU
		{31971414-5519-4149-B5C0-C88454EBE7AD}.Release|x64.Build.0 = Release|Any CPU
		{31971414-5519-4149-B5C0-C88454EBE7AD}.Release|x86.ActiveCfg = Release|Any CPU
		{31971414-5519-4149-B5C0-C88454EBE7AD}.Release|x86.Build.0 = Release|Any CPU
	EndGlobalSection
	GlobalSection(SolutionProperties) = preSolution
		HideSolutionNode = FALSE
	EndGlobalSection
	GlobalSection(NestedProjects) = preSolution
		{87387B16-144D-4163-B559-5847ED0D1E3B} = {BA11C821-EFDE-4714-A0DE-B7D4D93CE336}
		{DD02DF87-F94E-4218-8D65-4DB03760926E} = {10E2E10B-AB65-4800-93ED-CDB737917154}
		{40DD51CE-1F1B-466E-9177-05C9401FF81B} = {EB224BFD-23D3-41CE-AA5E-FE2D69D78B76}
		{0B033820-BA0C-4927-8546-96AFE74B2612} = {EB224BFD-23D3-41CE-AA5E-FE2D69D78B76}
		{A1B2C3D4-E5F6-7890-1234-567890ABCDEF} = {10E2E10B-AB65-4800-93ED-CDB737917154}
		{0F803EA9-AD74-46E3-9404-5D536E0F262C} = {BA11C821-EFDE-4714-A0DE-B7D4D93CE336}
		{31971414-5519-4149-B5C0-C88454EBE7AD} = {10E2E10B-AB65-4800-93ED-CDB737917154}
	EndGlobalSection
EndGlobal
