
Microsoft Visual Studio Solution File, Format Version 12.00
# Visual Studio Version 17
VisualStudioVersion = 17.0.31903.59
MinimumVisualStudioVersion = 10.0.40219.1
Project("{2150E333-8FDC-42A3-9474-1A3956D46DE8}") = "src", "src", "{BA11C821-EFDE-4714-A0DE-B7D4D93CE336}"
EndProject
Project("{2150E333-8FDC-42A3-9474-1A3956D46DE8}") = "tests", "tests", "{10E2E10B-AB65-4800-93ED-CDB737917154}"
EndProject
Project("{2150E333-8FDC-42A3-9474-1A3956D46DE8}") = "docs", "docs", "{48AA64C3-8E79-43C9-9D28-96FA881E5125}"
	ProjectSection(SolutionItems) = preProject
		CODE_OF_CONDUCT.md = CODE_OF_CONDUCT.md
		CONTRIBUTING.md = CONTRIBUTING.md
		LICENSE = LICENSE
		README.md = README.md
	EndProjectSection
EndProject
Project("{FAE04EC0-301F-11D3-BF4B-00C04F79EFBC}") = "Atypical.VirtualFileSystem.Core", "src\Atypical.VirtualFileSystem.Core\Atypical.VirtualFileSystem.Core.csproj", "{87387B16-144D-4163-B559-5847ED0D1E3B}"
EndProject
Project("{FAE04EC0-301F-11D3-BF4B-00C04F79EFBC}") = "Atypical.VirtualFileSystem.UnitTests", "tests\Atypical.VirtualFileSystem.UnitTests\Atypical.VirtualFileSystem.UnitTests.csproj", "{DD02DF87-F94E-4218-8D65-4DB03760926E}"
EndProject
Project("{2150E333-8FDC-42A3-9474-1A3956D46DE8}") = "api", "api", "{159F391F-4AA9-4859-BC82-21312BB76CE8}"
	ProjectSection(SolutionItems) = preProject
		doc\api\Atypical.VirtualFileSystem.Core.Contracts.IVirtualFileSystem.CreateDirectory(string).md = doc\api\Atypical.VirtualFileSystem.Core.Contracts.IVirtualFileSystem.CreateDirectory(string).md
		doc\api\Atypical.VirtualFileSystem.Core.ValueObjects.VFSDirectoryPath.ToString().md = doc\api\Atypical.VirtualFileSystem.Core.ValueObjects.VFSDirectoryPath.ToString().md
		doc\api\Atypical.VirtualFileSystem.Core.Abstractions.VFSPath.Value.md = doc\api\Atypical.VirtualFileSystem.Core.Abstractions.VFSPath.Value.md
		doc\api\Atypical.VirtualFileSystem.Core.VFS.Root.md = doc\api\Atypical.VirtualFileSystem.Core.VFS.Root.md
		doc\api\Atypical.VirtualFileSystem.Core.Contracts.IVirtualFileSystemNode.md = doc\api\Atypical.VirtualFileSystem.Core.Contracts.IVirtualFileSystemNode.md
		doc\api\Atypical.VirtualFileSystem.Core.Abstractions.VFSNode.md = doc\api\Atypical.VirtualFileSystem.Core.Abstractions.VFSNode.md
		doc\api\Atypical.VirtualFileSystem.Core.ValueObjects.VFSRootPath.md = doc\api\Atypical.VirtualFileSystem.Core.ValueObjects.VFSRootPath.md
		doc\api\Atypical.VirtualFileSystem.Core.Contracts.IVirtualFileSystemFactory.CreateFileSystem().md = doc\api\Atypical.VirtualFileSystem.Core.Contracts.IVirtualFileSystemFactory.CreateFileSystem().md
		doc\api\Atypical.VirtualFileSystem.Core.Contracts.IFileNode.md = doc\api\Atypical.VirtualFileSystem.Core.Contracts.IFileNode.md
		doc\api\Atypical.VirtualFileSystem.Core.Contracts.IVirtualFileSystem.TryGetDirectory(string,Atypical.VirtualFileSystem.Core.Contracts.IDirectoryNode).md = doc\api\Atypical.VirtualFileSystem.Core.Contracts.IVirtualFileSystem.TryGetDirectory(string,Atypical.VirtualFileSystem.Core.Contracts.IDirectoryNode).md
		doc\api\Atypical.VirtualFileSystem.Core.VFS.FindFiles(System.Text.RegularExpressions.Regex).md = doc\api\Atypical.VirtualFileSystem.Core.VFS.FindFiles(System.Text.RegularExpressions.Regex).md
		doc\api\Atypical.VirtualFileSystem.Core.Abstractions.VFSPath.IsRoot.md = doc\api\Atypical.VirtualFileSystem.Core.Abstractions.VFSPath.IsRoot.md
		doc\api\Atypical.VirtualFileSystem.Core.VFS.DeleteDirectory(Atypical.VirtualFileSystem.Core.ValueObjects.VFSDirectoryPath).md = doc\api\Atypical.VirtualFileSystem.Core.VFS.DeleteDirectory(Atypical.VirtualFileSystem.Core.ValueObjects.VFSDirectoryPath).md
		doc\api\Atypical.VirtualFileSystem.Core.ValueObjects.VFSFilePath.VFSFilePath(string).md = doc\api\Atypical.VirtualFileSystem.Core.ValueObjects.VFSFilePath.VFSFilePath(string).md
		doc\api\Atypical.VirtualFileSystem.Core.VFSIndex.VFSIndex(Atypical.VirtualFileSystem.Core.Contracts.IRootNode).md = doc\api\Atypical.VirtualFileSystem.Core.VFSIndex.VFSIndex(Atypical.VirtualFileSystem.Core.Contracts.IRootNode).md
		doc\api\Atypical.VirtualFileSystem.Core.Contracts.IDirectoryNode.md = doc\api\Atypical.VirtualFileSystem.Core.Contracts.IDirectoryNode.md
		doc\api\Atypical.VirtualFileSystem.Core.Contracts.IRootNode.md = doc\api\Atypical.VirtualFileSystem.Core.Contracts.IRootNode.md
		doc\api\Atypical.VirtualFileSystem.Core.Contracts.IVirtualFileSystem.GetFile(Atypical.VirtualFileSystem.Core.ValueObjects.VFSFilePath).md = doc\api\Atypical.VirtualFileSystem.Core.Contracts.IVirtualFileSystem.GetFile(Atypical.VirtualFileSystem.Core.ValueObjects.VFSFilePath).md
		doc\api\Atypical.VirtualFileSystem.Core.Models.DirectoryNode.Path.md = doc\api\Atypical.VirtualFileSystem.Core.Models.DirectoryNode.Path.md
		doc\api\Atypical.VirtualFileSystem.Core.Abstractions.VFSNode.IsFile.md = doc\api\Atypical.VirtualFileSystem.Core.Abstractions.VFSNode.IsFile.md
		doc\api\Atypical.VirtualFileSystem.Core.VFS.CreateDirectory(string).md = doc\api\Atypical.VirtualFileSystem.Core.VFS.CreateDirectory(string).md
		doc\api\Atypical.VirtualFileSystem.Core.VFS.FindFiles().md = doc\api\Atypical.VirtualFileSystem.Core.VFS.FindFiles().md
		doc\api\Atypical.VirtualFileSystem.Core.Contracts.IVirtualFileSystem.md = doc\api\Atypical.VirtualFileSystem.Core.Contracts.IVirtualFileSystem.md
		doc\api\Atypical.VirtualFileSystem.Core.ValueObjects.VFSDirectoryPath.md = doc\api\Atypical.VirtualFileSystem.Core.ValueObjects.VFSDirectoryPath.md
		doc\api\Atypical.VirtualFileSystem.Core.Contracts.IVirtualFileSystem.TryGetDirectory(Atypical.VirtualFileSystem.Core.ValueObjects.VFSDirectoryPath,Atypical.VirtualFileSystem.Core.Contracts.IDirectoryNode).md = doc\api\Atypical.VirtualFileSystem.Core.Contracts.IVirtualFileSystem.TryGetDirectory(Atypical.VirtualFileSystem.Core.ValueObjects.VFSDirectoryPath,Atypical.VirtualFileSystem.Core.Contracts.IDirectoryNode).md
		doc\api\Atypical.VirtualFileSystem.Core.Contracts.IVirtualFileSystem.CreateFile(string,string).md = doc\api\Atypical.VirtualFileSystem.Core.Contracts.IVirtualFileSystem.CreateFile(string,string).md
		doc\api\Atypical.VirtualFileSystem.Core.Contracts.IVirtualFileSystemNode.Path.md = doc\api\Atypical.VirtualFileSystem.Core.Contracts.IVirtualFileSystemNode.Path.md
		doc\api\Atypical.VirtualFileSystem.Core.VFS.CreateDirectory(Atypical.VirtualFileSystem.Core.ValueObjects.VFSDirectoryPath).md = doc\api\Atypical.VirtualFileSystem.Core.VFS.CreateDirectory(Atypical.VirtualFileSystem.Core.ValueObjects.VFSDirectoryPath).md
		doc\api\Atypical.VirtualFileSystem.Core.Contracts.IVirtualFileSystem.TryGetFile(Atypical.VirtualFileSystem.Core.ValueObjects.VFSFilePath,Atypical.VirtualFileSystem.Core.Contracts.IFileNode).md = doc\api\Atypical.VirtualFileSystem.Core.Contracts.IVirtualFileSystem.TryGetFile(Atypical.VirtualFileSystem.Core.ValueObjects.VFSFilePath,Atypical.VirtualFileSystem.Core.Contracts.IFileNode).md
		doc\api\Atypical.VirtualFileSystem.Core.Contracts.IVirtualFileSystem.TryGetFile(string,Atypical.VirtualFileSystem.Core.Contracts.IFileNode).md = doc\api\Atypical.VirtualFileSystem.Core.Contracts.IVirtualFileSystem.TryGetFile(string,Atypical.VirtualFileSystem.Core.Contracts.IFileNode).md
		doc\api\Atypical.VirtualFileSystem.Core.Contracts.IVirtualFileSystem.FindFiles(System.Text.RegularExpressions.Regex).md = doc\api\Atypical.VirtualFileSystem.Core.Contracts.IVirtualFileSystem.FindFiles(System.Text.RegularExpressions.Regex).md
		doc\api\Atypical.VirtualFileSystem.Core.VFSConstants.md = doc\api\Atypical.VirtualFileSystem.Core.VFSConstants.md
		doc\api\Atypical.VirtualFileSystem.Core.Models.FileNode.md = doc\api\Atypical.VirtualFileSystem.Core.Models.FileNode.md
		doc\api\Atypical.VirtualFileSystem.Core.VFSConstants.STR_INDENT_ENTRY_LAST.md = doc\api\Atypical.VirtualFileSystem.Core.VFSConstants.STR_INDENT_ENTRY_LAST.md
		doc\api\Atypical.VirtualFileSystem.Core.VFS.ToString().md = doc\api\Atypical.VirtualFileSystem.Core.VFS.ToString().md
		doc\api\Atypical.VirtualFileSystem.Core.Models.FileNode.IsDirectory.md = doc\api\Atypical.VirtualFileSystem.Core.Models.FileNode.IsDirectory.md
		doc\api\Atypical.VirtualFileSystem.Core.Models.FileNode.ToString().md = doc\api\Atypical.VirtualFileSystem.Core.Models.FileNode.ToString().md
		doc\api\Atypical.VirtualFileSystem.Core.Abstractions.VFSPath.Equals(Atypical.VirtualFileSystem.Core.Abstractions.VFSPath).md = doc\api\Atypical.VirtualFileSystem.Core.Abstractions.VFSPath.Equals(Atypical.VirtualFileSystem.Core.Abstractions.VFSPath).md
		doc\api\Atypical.VirtualFileSystem.Core.Contracts.IVirtualFileSystem.CreateFile(Atypical.VirtualFileSystem.Core.ValueObjects.VFSFilePath,string).md = doc\api\Atypical.VirtualFileSystem.Core.Contracts.IVirtualFileSystem.CreateFile(Atypical.VirtualFileSystem.Core.ValueObjects.VFSFilePath,string).md
		doc\api\Atypical.VirtualFileSystem.Core.Contracts.IVirtualFileSystem.GetFile(string).md = doc\api\Atypical.VirtualFileSystem.Core.Contracts.IVirtualFileSystem.GetFile(string).md
		doc\api\Atypical.VirtualFileSystem.Core.ValueObjects.VFSFilePath.op_Implicitstring(Atypical.VirtualFileSystem.Core.ValueObjects.VFSFilePath).md = doc\api\Atypical.VirtualFileSystem.Core.ValueObjects.VFSFilePath.op_Implicitstring(Atypical.VirtualFileSystem.Core.ValueObjects.VFSFilePath).md
		doc\api\Atypical.VirtualFileSystem.Core.Contracts.IVirtualFileSystemNode.LastWriteTime.md = doc\api\Atypical.VirtualFileSystem.Core.Contracts.IVirtualFileSystemNode.LastWriteTime.md
		doc\api\Atypical.VirtualFileSystem.Core.VFS.TryGetFile(Atypical.VirtualFileSystem.Core.ValueObjects.VFSFilePath,Atypical.VirtualFileSystem.Core.Contracts.IFileNode).md = doc\api\Atypical.VirtualFileSystem.Core.VFS.TryGetFile(Atypical.VirtualFileSystem.Core.ValueObjects.VFSFilePath,Atypical.VirtualFileSystem.Core.Contracts.IFileNode).md
		doc\api\Atypical.VirtualFileSystem.Core.Models.DirectoryNode.IsFile.md = doc\api\Atypical.VirtualFileSystem.Core.Models.DirectoryNode.IsFile.md
		doc\api\Atypical.VirtualFileSystem.Core.VirtualFileSystemFactory.md = doc\api\Atypical.VirtualFileSystem.Core.VirtualFileSystemFactory.md
		doc\api\Atypical.VirtualFileSystem.Core.Abstractions.VFSPath.Parent.md = doc\api\Atypical.VirtualFileSystem.Core.Abstractions.VFSPath.Parent.md
		doc\api\Atypical.VirtualFileSystem.Core.Contracts.IVirtualFileSystem.IsEmpty.md = doc\api\Atypical.VirtualFileSystem.Core.Contracts.IVirtualFileSystem.IsEmpty.md
		doc\api\Atypical.VirtualFileSystem.Core.VFSConstants.STR_INDENT_FILL.md = doc\api\Atypical.VirtualFileSystem.Core.VFSConstants.STR_INDENT_FILL.md
		doc\api\Atypical.VirtualFileSystem.Core.Models.md = doc\api\Atypical.VirtualFileSystem.Core.Models.md
		doc\api\Atypical.VirtualFileSystem.Core.Contracts.IVirtualFileSystem.CreateDirectory(Atypical.VirtualFileSystem.Core.ValueObjects.VFSDirectoryPath).md = doc\api\Atypical.VirtualFileSystem.Core.Contracts.IVirtualFileSystem.CreateDirectory(Atypical.VirtualFileSystem.Core.ValueObjects.VFSDirectoryPath).md
		doc\api\Atypical.VirtualFileSystem.Core.Abstractions.VFSPath.GetAbsoluteParentPath(int).md = doc\api\Atypical.VirtualFileSystem.Core.Abstractions.VFSPath.GetAbsoluteParentPath(int).md
		doc\api\Atypical.VirtualFileSystem.Core.VFS.FindDirectories().md = doc\api\Atypical.VirtualFileSystem.Core.VFS.FindDirectories().md
		doc\api\Atypical.VirtualFileSystem.Core.Contracts.IVirtualFileSystem.FindDirectories().md = doc\api\Atypical.VirtualFileSystem.Core.Contracts.IVirtualFileSystem.FindDirectories().md
		doc\api\Atypical.VirtualFileSystem.Core.VFS.Index.md = doc\api\Atypical.VirtualFileSystem.Core.VFS.Index.md
		doc\api\Atypical.VirtualFileSystem.Core.VFSIndex.md = doc\api\Atypical.VirtualFileSystem.Core.VFSIndex.md
		doc\api\Atypical.VirtualFileSystem.Core.VFS.GetFile(string).md = doc\api\Atypical.VirtualFileSystem.Core.VFS.GetFile(string).md
		doc\api\Atypical.VirtualFileSystem.Core.ValueObjects.VFSDirectoryPath.op_Implicitstring(Atypical.VirtualFileSystem.Core.ValueObjects.VFSDirectoryPath).md = doc\api\Atypical.VirtualFileSystem.Core.ValueObjects.VFSDirectoryPath.op_Implicitstring(Atypical.VirtualFileSystem.Core.ValueObjects.VFSDirectoryPath).md
		doc\api\Atypical.VirtualFileSystem.Core.Abstractions.VFSPath.Name.md = doc\api\Atypical.VirtualFileSystem.Core.Abstractions.VFSPath.Name.md
		doc\api\Atypical.VirtualFileSystem.Core.VFS.CreateFile(Atypical.VirtualFileSystem.Core.ValueObjects.VFSFilePath,string).md = doc\api\Atypical.VirtualFileSystem.Core.VFS.CreateFile(Atypical.VirtualFileSystem.Core.ValueObjects.VFSFilePath,string).md
		doc\api\Atypical.VirtualFileSystem.Core.Contracts.IVirtualFileSystemNode.IsFile.md = doc\api\Atypical.VirtualFileSystem.Core.Contracts.IVirtualFileSystemNode.IsFile.md
		doc\api\Atypical.VirtualFileSystem.Core.VirtualFileSystemFactory.CreateFileSystem().md = doc\api\Atypical.VirtualFileSystem.Core.VirtualFileSystemFactory.CreateFileSystem().md
		doc\api\Atypical.VirtualFileSystem.Core.Abstractions.VFSPath.Depth.md = doc\api\Atypical.VirtualFileSystem.Core.Abstractions.VFSPath.Depth.md
		doc\api\Atypical.VirtualFileSystem.Core.Models.FileNode.Content.md = doc\api\Atypical.VirtualFileSystem.Core.Models.FileNode.Content.md
		doc\api\Atypical.VirtualFileSystem.Core.Models.RootNode.ToString().md = doc\api\Atypical.VirtualFileSystem.Core.Models.RootNode.ToString().md
		doc\api\Atypical.VirtualFileSystem.Core.Abstractions.VFSNode.CreationTime.md = doc\api\Atypical.VirtualFileSystem.Core.Abstractions.VFSNode.CreationTime.md
		doc\api\Atypical.VirtualFileSystem.Core.VFS.DeleteFile(Atypical.VirtualFileSystem.Core.ValueObjects.VFSFilePath).md = doc\api\Atypical.VirtualFileSystem.Core.VFS.DeleteFile(Atypical.VirtualFileSystem.Core.ValueObjects.VFSFilePath).md
		doc\api\Atypical.VirtualFileSystem.Core.Abstractions.VFSPath.CleanVFSPathInput(string).md = doc\api\Atypical.VirtualFileSystem.Core.Abstractions.VFSPath.CleanVFSPathInput(string).md
		doc\api\Atypical.VirtualFileSystem.Core.Models.FileNode.FileNode(Atypical.VirtualFileSystem.Core.ValueObjects.VFSFilePath,string).md = doc\api\Atypical.VirtualFileSystem.Core.Models.FileNode.FileNode(Atypical.VirtualFileSystem.Core.ValueObjects.VFSFilePath,string).md
		doc\api\Atypical.VirtualFileSystem.Core.Contracts.IFileNode.Content.md = doc\api\Atypical.VirtualFileSystem.Core.Contracts.IFileNode.Content.md
		doc\api\Atypical.VirtualFileSystem.Core.Models.RootNode.md = doc\api\Atypical.VirtualFileSystem.Core.Models.RootNode.md
		doc\api\Atypical.VirtualFileSystem.Core.Models.DirectoryNode.DirectoryNode(Atypical.VirtualFileSystem.Core.ValueObjects.VFSDirectoryPath).md = doc\api\Atypical.VirtualFileSystem.Core.Models.DirectoryNode.DirectoryNode(Atypical.VirtualFileSystem.Core.ValueObjects.VFSDirectoryPath).md
		doc\api\Atypical.VirtualFileSystem.Core.VFSConstants.STR_INDENT_CLEAR.md = doc\api\Atypical.VirtualFileSystem.Core.VFSConstants.STR_INDENT_CLEAR.md
		doc\api\Atypical.VirtualFileSystem.Core.Contracts.IVirtualFileSystem.GetDirectory(Atypical.VirtualFileSystem.Core.ValueObjects.VFSDirectoryPath).md = doc\api\Atypical.VirtualFileSystem.Core.Contracts.IVirtualFileSystem.GetDirectory(Atypical.VirtualFileSystem.Core.ValueObjects.VFSDirectoryPath).md
		doc\api\Atypical.VirtualFileSystem.Core.VFS.DeleteFile(string).md = doc\api\Atypical.VirtualFileSystem.Core.VFS.DeleteFile(string).md
		doc\api\Atypical.VirtualFileSystem.Core.Models.RootNode.RootNode().md = doc\api\Atypical.VirtualFileSystem.Core.Models.RootNode.RootNode().md
		doc\api\Atypical.VirtualFileSystem.Core.Abstractions.VFSNode.Path.md = doc\api\Atypical.VirtualFileSystem.Core.Abstractions.VFSNode.Path.md
		doc\api\Atypical.VirtualFileSystem.Core.VFSConstants.ROOT_PATH.md = doc\api\Atypical.VirtualFileSystem.Core.VFSConstants.ROOT_PATH.md
		doc\api\Atypical.VirtualFileSystem.Core.VirtualFileSystemFactory.VirtualFileSystemFactory().md = doc\api\Atypical.VirtualFileSystem.Core.VirtualFileSystemFactory.VirtualFileSystemFactory().md
		doc\api\Atypical.VirtualFileSystem.Core.VFS.TryGetFile(string,Atypical.VirtualFileSystem.Core.Contracts.IFileNode).md = doc\api\Atypical.VirtualFileSystem.Core.VFS.TryGetFile(string,Atypical.VirtualFileSystem.Core.Contracts.IFileNode).md
		doc\api\Atypical.VirtualFileSystem.Core.Contracts.IVirtualFileSystemNode.CreationTime.md = doc\api\Atypical.VirtualFileSystem.Core.Contracts.IVirtualFileSystemNode.CreationTime.md
		doc\api\Atypical.VirtualFileSystem.Core.Abstractions.VFSPath.VFSPathRegex.md = doc\api\Atypical.VirtualFileSystem.Core.Abstractions.VFSPath.VFSPathRegex.md
		doc\api\Atypical.VirtualFileSystem.Core.ValueObjects.VFSFilePath.ToString().md = doc\api\Atypical.VirtualFileSystem.Core.ValueObjects.VFSFilePath.ToString().md
		doc\api\Atypical.VirtualFileSystem.Core.Abstractions.VFSNode.LastAccessTime.md = doc\api\Atypical.VirtualFileSystem.Core.Abstractions.VFSNode.LastAccessTime.md
		doc\api\Atypical.VirtualFileSystem.Core.md = doc\api\Atypical.VirtualFileSystem.Core.md
		doc\api\Atypical.VirtualFileSystem.Core.ValueObjects.VFSRootPath.VFSRootPath().md = doc\api\Atypical.VirtualFileSystem.Core.ValueObjects.VFSRootPath.VFSRootPath().md
		doc\api\Atypical.VirtualFileSystem.Core.Contracts.IVirtualFileSystemNode.LastAccessTime.md = doc\api\Atypical.VirtualFileSystem.Core.Contracts.IVirtualFileSystemNode.LastAccessTime.md
		doc\api\Atypical.VirtualFileSystem.Core.Contracts.IVirtualFileSystem.DeleteDirectory(string).md = doc\api\Atypical.VirtualFileSystem.Core.Contracts.IVirtualFileSystem.DeleteDirectory(string).md
		doc\api\Atypical.VirtualFileSystem.Core.Abstractions.VFSPath.md = doc\api\Atypical.VirtualFileSystem.Core.Abstractions.VFSPath.md
		doc\api\Atypical.VirtualFileSystem.Core.VFS.IsEmpty.md = doc\api\Atypical.VirtualFileSystem.Core.VFS.IsEmpty.md
		doc\api\Atypical.VirtualFileSystem.Core.VFS.TryGetDirectory(string,Atypical.VirtualFileSystem.Core.Contracts.IDirectoryNode).md = doc\api\Atypical.VirtualFileSystem.Core.VFS.TryGetDirectory(string,Atypical.VirtualFileSystem.Core.Contracts.IDirectoryNode).md
		doc\api\Atypical.VirtualFileSystem.Core.Abstractions.VFSPath.VFSPathRegexPattern.md = doc\api\Atypical.VirtualFileSystem.Core.Abstractions.VFSPath.VFSPathRegexPattern.md
		doc\api\Atypical.VirtualFileSystem.Core.Contracts.IVirtualFileSystemFactory.md = doc\api\Atypical.VirtualFileSystem.Core.Contracts.IVirtualFileSystemFactory.md
		doc\api\Atypical.VirtualFileSystem.Core.VFSConstants.STR_INDENT_ENTRY_MIDDLE.md = doc\api\Atypical.VirtualFileSystem.Core.VFSConstants.STR_INDENT_ENTRY_MIDDLE.md
		doc\api\Atypical.VirtualFileSystem.Core.Contracts.IVirtualFileSystem.GetDirectory(string).md = doc\api\Atypical.VirtualFileSystem.Core.Contracts.IVirtualFileSystem.GetDirectory(string).md
		doc\api\Atypical.VirtualFileSystem.Core.VFS.FindDirectories(System.Text.RegularExpressions.Regex).md = doc\api\Atypical.VirtualFileSystem.Core.VFS.FindDirectories(System.Text.RegularExpressions.Regex).md
		doc\api\Atypical.VirtualFileSystem.Core.Contracts.IVirtualFileSystemNode.IsDirectory.md = doc\api\Atypical.VirtualFileSystem.Core.Contracts.IVirtualFileSystemNode.IsDirectory.md
		doc\api\Atypical.VirtualFileSystem.Core.Models.DirectoryNode.md = doc\api\Atypical.VirtualFileSystem.Core.Models.DirectoryNode.md
		doc\api\Atypical.VirtualFileSystem.Core.Contracts.IVirtualFileSystem.FindDirectories(System.Text.RegularExpressions.Regex).md = doc\api\Atypical.VirtualFileSystem.Core.Contracts.IVirtualFileSystem.FindDirectories(System.Text.RegularExpressions.Regex).md
		doc\api\Atypical.VirtualFileSystem.Core.VFS.GetDirectory(string).md = doc\api\Atypical.VirtualFileSystem.Core.VFS.GetDirectory(string).md
		doc\api\Atypical.VirtualFileSystem.Core.ValueObjects.VFSRootPath.op_Implicitstring(Atypical.VirtualFileSystem.Core.ValueObjects.VFSRootPath).md = doc\api\Atypical.VirtualFileSystem.Core.ValueObjects.VFSRootPath.op_Implicitstring(Atypical.VirtualFileSystem.Core.ValueObjects.VFSRootPath).md
		doc\api\Atypical.VirtualFileSystem.Core.Contracts.IVirtualFileSystem.FindFiles().md = doc\api\Atypical.VirtualFileSystem.Core.Contracts.IVirtualFileSystem.FindFiles().md
		doc\api\Atypical.VirtualFileSystem.Core.VFS.GetDirectory(Atypical.VirtualFileSystem.Core.ValueObjects.VFSDirectoryPath).md = doc\api\Atypical.VirtualFileSystem.Core.VFS.GetDirectory(Atypical.VirtualFileSystem.Core.ValueObjects.VFSDirectoryPath).md
		doc\api\Atypical.VirtualFileSystem.Core.ValueObjects.VFSRootPath.ToString().md = doc\api\Atypical.VirtualFileSystem.Core.ValueObjects.VFSRootPath.ToString().md
		doc\api\Atypical.VirtualFileSystem.Core.ValueObjects.VFSDirectoryPath.VFSDirectoryPath(string).md = doc\api\Atypical.VirtualFileSystem.Core.ValueObjects.VFSDirectoryPath.VFSDirectoryPath(string).md
		doc\api\Atypical.VirtualFileSystem.Core.VFS.DeleteDirectory(string).md = doc\api\Atypical.VirtualFileSystem.Core.VFS.DeleteDirectory(string).md
		doc\api\Atypical.VirtualFileSystem.Core.Models.DirectoryNode.ToString().md = doc\api\Atypical.VirtualFileSystem.Core.Models.DirectoryNode.ToString().md
		doc\api\Atypical.VirtualFileSystem.Core.Contracts.IVirtualFileSystem.Index.md = doc\api\Atypical.VirtualFileSystem.Core.Contracts.IVirtualFileSystem.Index.md
		doc\api\Atypical.VirtualFileSystem.Core.Models.FileNode.IsFile.md = doc\api\Atypical.VirtualFileSystem.Core.Models.FileNode.IsFile.md
		doc\api\Atypical.VirtualFileSystem.Core.Contracts.IVirtualFileSystemNode.Name.md = doc\api\Atypical.VirtualFileSystem.Core.Contracts.IVirtualFileSystemNode.Name.md
		doc\api\Atypical.VirtualFileSystem.Core.VFS.CreateFile(string,string).md = doc\api\Atypical.VirtualFileSystem.Core.VFS.CreateFile(string,string).md
		doc\api\Atypical.VirtualFileSystem.Core.VFS.VFS().md = doc\api\Atypical.VirtualFileSystem.Core.VFS.VFS().md
		doc\api\Atypical.VirtualFileSystem.Core.Contracts.IVirtualFileSystem.DeleteFile(string).md = doc\api\Atypical.VirtualFileSystem.Core.Contracts.IVirtualFileSystem.DeleteFile(string).md
		doc\api\Atypical.VirtualFileSystem.Core.VFS.md = doc\api\Atypical.VirtualFileSystem.Core.VFS.md
		doc\api\Atypical.VirtualFileSystem.Core.VFS.GetBrothers(Atypical.VirtualFileSystem.Core.Contracts.IVirtualFileSystemNode).md = doc\api\Atypical.VirtualFileSystem.Core.VFS.GetBrothers(Atypical.VirtualFileSystem.Core.Contracts.IVirtualFileSystemNode).md
		doc\api\Atypical.VirtualFileSystem.Core.VFS.TryGetDirectory(Atypical.VirtualFileSystem.Core.ValueObjects.VFSDirectoryPath,Atypical.VirtualFileSystem.Core.Contracts.IDirectoryNode).md = doc\api\Atypical.VirtualFileSystem.Core.VFS.TryGetDirectory(Atypical.VirtualFileSystem.Core.ValueObjects.VFSDirectoryPath,Atypical.VirtualFileSystem.Core.Contracts.IDirectoryNode).md
		doc\api\Atypical.VirtualFileSystem.Core.Abstractions.md = doc\api\Atypical.VirtualFileSystem.Core.Abstractions.md
		doc\api\Atypical.VirtualFileSystem.Core.Abstractions.VFSPath.GetHashCode().md = doc\api\Atypical.VirtualFileSystem.Core.Abstractions.VFSPath.GetHashCode().md
		doc\api\Atypical.VirtualFileSystem.Core.Contracts.IVirtualFileSystem.DeleteFile(Atypical.VirtualFileSystem.Core.ValueObjects.VFSFilePath).md = doc\api\Atypical.VirtualFileSystem.Core.Contracts.IVirtualFileSystem.DeleteFile(Atypical.VirtualFileSystem.Core.ValueObjects.VFSFilePath).md
		doc\api\Atypical.VirtualFileSystem.Core.Abstractions.VFSNode.LastWriteTime.md = doc\api\Atypical.VirtualFileSystem.Core.Abstractions.VFSNode.LastWriteTime.md
		doc\api\Atypical.VirtualFileSystem.Core.Abstractions.VFSPath.HasParent.md = doc\api\Atypical.VirtualFileSystem.Core.Abstractions.VFSPath.HasParent.md
		doc\api\Atypical.VirtualFileSystem.Core.Abstractions.VFSNode.IsDirectory.md = doc\api\Atypical.VirtualFileSystem.Core.Abstractions.VFSNode.IsDirectory.md
		doc\api\Atypical.VirtualFileSystem.Core.Abstractions.VFSPath.VFSPath(string).md = doc\api\Atypical.VirtualFileSystem.Core.Abstractions.VFSPath.VFSPath(string).md
		doc\api\Atypical.VirtualFileSystem.Core.VFSConstants.DIRECTORY_SEPARATOR.md = doc\api\Atypical.VirtualFileSystem.Core.VFSConstants.DIRECTORY_SEPARATOR.md
		doc\api\Atypical.VirtualFileSystem.Core.ValueObjects.VFSFilePath.md = doc\api\Atypical.VirtualFileSystem.Core.ValueObjects.VFSFilePath.md
		doc\api\Atypical.VirtualFileSystem.Core.Models.FileNode.Path.md = doc\api\Atypical.VirtualFileSystem.Core.Models.FileNode.Path.md
		doc\api\Atypical.VirtualFileSystem.Core.ValueObjects.md = doc\api\Atypical.VirtualFileSystem.Core.ValueObjects.md
		doc\api\Atypical.VirtualFileSystem.Core.Abstractions.VFSNode.VFSNode(Atypical.VirtualFileSystem.Core.Abstractions.VFSPath).md = doc\api\Atypical.VirtualFileSystem.Core.Abstractions.VFSNode.VFSNode(Atypical.VirtualFileSystem.Core.Abstractions.VFSPath).md
		doc\api\Atypical.VirtualFileSystem.Core.Contracts.IVirtualFileSystem.Root.md = doc\api\Atypical.VirtualFileSystem.Core.Contracts.IVirtualFileSystem.Root.md
		doc\api\Atypical.VirtualFileSystem.Core.VFS.GetFile(Atypical.VirtualFileSystem.Core.ValueObjects.VFSFilePath).md = doc\api\Atypical.VirtualFileSystem.Core.VFS.GetFile(Atypical.VirtualFileSystem.Core.ValueObjects.VFSFilePath).md
		doc\api\Atypical.VirtualFileSystem.Core.Models.DirectoryNode.IsDirectory.md = doc\api\Atypical.VirtualFileSystem.Core.Models.DirectoryNode.IsDirectory.md
		doc\api\Atypical.VirtualFileSystem.Core.Contracts.md = doc\api\Atypical.VirtualFileSystem.Core.Contracts.md
		doc\api\Atypical.VirtualFileSystem.Core.Contracts.IVirtualFileSystem.DeleteDirectory(Atypical.VirtualFileSystem.Core.ValueObjects.VFSDirectoryPath).md = doc\api\Atypical.VirtualFileSystem.Core.Contracts.IVirtualFileSystem.DeleteDirectory(Atypical.VirtualFileSystem.Core.ValueObjects.VFSDirectoryPath).md
	EndProjectSection
EndProject
Global
	GlobalSection(SolutionConfigurationPlatforms) = preSolution
		Debug|Any CPU = Debug|Any CPU
		Release|Any CPU = Release|Any CPU
	EndGlobalSection
	GlobalSection(SolutionProperties) = preSolution
		HideSolutionNode = FALSE
	EndGlobalSection
	GlobalSection(NestedProjects) = preSolution
		{87387B16-144D-4163-B559-5847ED0D1E3B} = {BA11C821-EFDE-4714-A0DE-B7D4D93CE336}
		{DD02DF87-F94E-4218-8D65-4DB03760926E} = {10E2E10B-AB65-4800-93ED-CDB737917154}
		{159F391F-4AA9-4859-BC82-21312BB76CE8} = {48AA64C3-8E79-43C9-9D28-96FA881E5125}
	EndGlobalSection
	GlobalSection(ProjectConfigurationPlatforms) = postSolution
		{87387B16-144D-4163-B559-5847ED0D1E3B}.Debug|Any CPU.ActiveCfg = Debug|Any CPU
		{87387B16-144D-4163-B559-5847ED0D1E3B}.Debug|Any CPU.Build.0 = Debug|Any CPU
		{87387B16-144D-4163-B559-5847ED0D1E3B}.Release|Any CPU.ActiveCfg = Release|Any CPU
		{87387B16-144D-4163-B559-5847ED0D1E3B}.Release|Any CPU.Build.0 = Release|Any CPU
		{DD02DF87-F94E-4218-8D65-4DB03760926E}.Debug|Any CPU.ActiveCfg = Debug|Any CPU
		{DD02DF87-F94E-4218-8D65-4DB03760926E}.Debug|Any CPU.Build.0 = Debug|Any CPU
		{DD02DF87-F94E-4218-8D65-4DB03760926E}.Release|Any CPU.ActiveCfg = Release|Any CPU
		{DD02DF87-F94E-4218-8D65-4DB03760926E}.Release|Any CPU.Build.0 = Release|Any CPU
	EndGlobalSection
EndGlobal
